Microsoft Visual Studio Solution File, Format Version 12.00
# Visual Studio Version 17
VisualStudioVersion = 17.5.2.0
MinimumVisualStudioVersion = 10.0.40219.1
Project("{FAE04EC0-301F-11D3-BF4B-00C04F79EFBC}") = "CustomerFeedbackSystem", "CustomerFeedbackSystem.csproj", "{212E6ED1-287E-7640-25E5-971C0F57E129}"
EndProject
Global
	GlobalSection(SolutionConfigurationPlatforms) = preSolution
		Debug|Any CPU = Debug|Any CPU
		Release|Any CPU = Release|Any CPU
	EndGlobalSection
	GlobalSection(ProjectConfigurationPlatforms) = postSolution
		{212E6ED1-287E-7640-25E5-971C0F57E129}.Debug|Any CPU.ActiveCfg = Debug|Any CPU
		{212E6ED1-287E-7640-25E5-971C0F57E129}.Debug|Any CPU.Build.0 = Debug|Any CPU
		{212E6ED1-287E-7640-25E5-971C0F57E129}.Release|Any CPU.ActiveCfg = Release|Any CPU
		{212E6ED1-287E-7640-25E5-971C0F57E129}.Release|Any CPU.Build.0 = Release|Any CPU
	EndGlobalSection
	GlobalSection(SolutionProperties) = preSolution
		HideSolutionNode = FALSE
	EndGlobalSection
	GlobalSection(ExtensibilityGlobals) = postSolution
		SolutionGuid = {4CE8B02A-660A-491E-8F13-F6CCE775BD2B}
	EndGlobalSection
EndGlobal
